{
  "name": "belajar-nodejs-npm",
  "version": "1.0.0",
  "lockfileVersion": 3,
  "requires": true,
  "packages": {
    "": {
      "name": "belajar-nodejs-npm",
      "version": "1.0.0",
      "license": "ISC",
      "dependencies": {
        "belajar-nodejs-npm": "^1.0.0",
        "indrawan-embalut-belajar-nodejs-npm-library": "^1.0.0",
        "lodash": "~4.17.19"
      },
      "devDependencies": {
        "moment": "^2.29.3"
      }
    },
    "node_modules/belajar-nodejs-npm": {
      "version": "1.0.0",
      "resolved": "https://registry.npmjs.org/belajar-nodejs-npm/-/belajar-nodejs-npm-1.0.0.tgz",
      "integrity": "sha512-3VFUJscqykm598tMQYYemAbKcRolNwluacEWfNfAPxb2+lmJIRzNKY7VzBN4SgooeQv7O8iz/3FvUvGtPCe7qQ==",
      "license": "ISC",
      "dependencies": {
        "belajar-nodejs-npm-library-sam": "^1.0.0",
        "lodash": "^4.17.21"
      }
    },
    "node_modules/belajar-nodejs-npm-library-sam": {
      "version": "1.0.0",
      "resolved": "https://registry.npmjs.org/belajar-nodejs-npm-library-sam/-/belajar-nodejs-npm-library-sam-1.0.0.tgz",
      "integrity": "sha512-5A96FgfokuSlVZQu3aftBsAr3d7pF01A/0mOcVQcB/bKSIoijepP/x1HGWpiTmXPradw161hYQO3m9LbutOplQ==",
      "license": "ISC"
    },
    "node_modules/indrawan-embalut-belajar-nodejs-npm-library": {
      "version": "1.1.0",
      "resolved": "https://registry.npmjs.org/indrawan-embalut-belajar-nodejs-npm-library/-/indrawan-embalut-belajar-nodejs-npm-library-1.1.0.tgz",
      "integrity": "sha512-maeSvtK1vQELDI+nGiCyFagswI5gElX3MgvRCph2ArAe7arEQr1PfPqB7BUlhIVlxCoTW48GxyImKxW9yKEFag==",
      "license": "ISC"
    },
    "node_modules/lodash": {
      "version": "4.17.21",
      "resolved": "https://registry.npmjs.org/lodash/-/lodash-4.17.21.tgz",
      "integrity": "sha512-v2kDEe57lecTulaDIuNTPy3Ry4gLGJ6Z1O3vE1krgXZNrsQ+LFTGHVxVjcXPs17LhbZVGedAJv8XZ1tvj5FvSg==",
      "license": "MIT"
    },
    "node_modules/moment": {
      "version": "2.30.1",
      "resolved": "https://registry.npmjs.org/moment/-/moment-2.30.1.tgz",
      "integrity": "sha512-uEmtNhbDOrWPFS+hdjFCBfy9f2YoyzRpwcl+DqpC6taX21FzsTLQVbMV/W7PzNSX6x/bhC1zA3c2UQ5NzH6how==",
      "dev": true,
      "license": "MIT",
      "engines": {
        "node": "*"
      }
    }
  }
}
